{
  "version": 4,
  "terraform_version": "1.11.3",
  "serial": 12,
  "lineage": "91e249a4-7c90-4670-4cc5-fc57b0856c02",
  "outputs": {},
  "resources": [
    {
      "mode": "data",
      "type": "aws_subnet",
      "name": "cloudtasks_subnet",
      "provider": "provider[\"registry.terraform.io/hashicorp/aws\"]",
      "instances": [
        {
          "schema_version": 0,
          "attributes": {
            "arn": "arn:aws:ec2:eu-west-3:474668418514:subnet/subnet-0eb50e1283a32e7ac",
            "assign_ipv6_address_on_creation": false,
            "availability_zone": "eu-west-3a",
            "availability_zone_id": "euw3-az1",
            "available_ip_address_count": 251,
            "cidr_block": "10.0.1.0/24",
            "customer_owned_ipv4_pool": "",
            "default_for_az": false,
            "enable_dns64": false,
            "enable_lni_at_device_index": 0,
            "enable_resource_name_dns_a_record_on_launch": false,
            "enable_resource_name_dns_aaaa_record_on_launch": false,
            "filter": [
              {
                "name": "vpc-id",
                "values": [
                  "vpc-0b91af4df49ec751e"
                ]
              }
            ],
            "id": "subnet-0eb50e1283a32e7ac",
            "ipv6_cidr_block": "",
            "ipv6_cidr_block_association_id": "",
            "ipv6_native": false,
            "map_customer_owned_ip_on_launch": false,
            "map_public_ip_on_launch": true,
            "outpost_arn": "",
            "owner_id": "474668418514",
            "private_dns_hostname_type_on_launch": "ip-name",
            "state": "available",
            "tags": {},
            "timeouts": null,
            "vpc_id": "vpc-0b91af4df49ec751e"
          },
          "sensitive_attributes": []
        }
      ]
    },
    {
      "mode": "data",
      "type": "aws_vpc",
      "name": "cloudtasks",
      "provider": "provider[\"registry.terraform.io/hashicorp/aws\"]",
      "instances": [
        {
          "schema_version": 0,
          "attributes": {
            "arn": "arn:aws:ec2:eu-west-3:474668418514:vpc/vpc-0b91af4df49ec751e",
            "cidr_block": "10.0.0.0/16",
            "cidr_block_associations": [
              {
                "association_id": "vpc-cidr-assoc-0b0aa041ad81ab2b5",
                "cidr_block": "10.0.0.0/16",
                "state": "associated"
              }
            ],
            "default": false,
            "dhcp_options_id": "dopt-0b1440760a38a2616",
            "enable_dns_hostnames": false,
            "enable_dns_support": true,
            "enable_network_address_usage_metrics": false,
            "filter": [
              {
                "name": "tag:Name",
                "values": [
                  "CloudTasks-VPC"
                ]
              }
            ],
            "id": "vpc-0b91af4df49ec751e",
            "instance_tenancy": "default",
            "ipv6_association_id": "",
            "ipv6_cidr_block": "",
            "main_route_table_id": "rtb-01d178ad52569f0d9",
            "owner_id": "474668418514",
            "state": null,
            "tags": {
              "Name": "CloudTasks-VPC"
            },
            "timeouts": null
          },
          "sensitive_attributes": []
        }
      ]
    },
    {
      "mode": "managed",
      "type": "aws_key_pair",
      "name": "cloudtasks_key",
      "provider": "provider[\"registry.terraform.io/hashicorp/aws\"]",
      "instances": [
        {
          "schema_version": 1,
          "attributes": {
            "arn": "arn:aws:ec2:eu-west-3:474668418514:key-pair/CloudTasks-key",
            "fingerprint": "6d:42:2b:84:58:28:4a:e6:8e:ef:3b:96:6e:84:98:34",
            "id": "CloudTasks-key",
            "key_name": "CloudTasks-key",
            "key_name_prefix": "",
            "key_pair_id": "key-0b783c1c17b9c5985",
            "key_type": "rsa",
            "public_key": "ssh-rsa AAAAB3NzaC1yc2EAAAADAQABAAACAQDyRnwhNBXk6YL/R54uKWq4G1fcWcFyP/zsM72hB8diGocYflJoYMkHu6bN+zB/3SzDINRgp87wCZxyn5k0GIyoK1LD5GpgYKSPALqD0Jk+OU0Np7GO2pKaDb1hv4ZDd3nbnPpRewKomGccnbq2EbBkD/COvOQvNbBSQQBm528vRo5sFfcSGBxL4nV9KTLF47JKprsX5AniW8hA7xe8O1I7M9iqsuPahf1N2oxqJ0PZX6+9JxLeL+WPxbCIWxY9dfNyqTwXcoBxSyhTqQz28WTEIAxHDeh7ZclxMxBgi67J94Pjso4zHVXL6Iw/77XHwuQ4TOFmF5yfdt1uhxS2pasEOUM5gh6dUJAoLCXJmL6NAPuRcqWHCAp2g+0h40eCk17HQ3aHc+otElwde885Oe9tBUU+AbmarNittHaADgKb1D6meSuQ04vOcTcQv2bBT4ErkDV8ffC0m8LDLKtTMvQNOxHQi+ffYg5Nll2P31G6g6HCiYASQV/KvUU0+zVSkwoO7Lz3h/UTCwsI0YxDEhRpcmh4ULUx6WO3Oc2xLuz+wM8mb3OBwjcAVh2oyOsM5DwQNxYijB9cuuLrOpXzLS63zCN/1Mi1He9f1wN58SwQXdXxR0m15ypBBGml/vmobYm+1/1D1VJZjyhFbBcYatY1VPzKyOH5dB+gq0xUXxD/fQ== sysadmin@sysadmin-Master-Aws",
            "tags": {},
            "tags_all": {}
          },
          "sensitive_attributes": [],
          "private": "eyJzY2hlbWFfdmVyc2lvbiI6IjEifQ=="
        }
      ]
    },
    {
      "mode": "managed",
      "type": "aws_security_group",
      "name": "cloudtasks_sg",
      "provider": "provider[\"registry.terraform.io/hashicorp/aws\"]",
      "instances": [
        {
          "schema_version": 1,
          "attributes": {
            "arn": "arn:aws:ec2:eu-west-3:474668418514:security-group/sg-04efe8636b205aeb8",
            "description": "Allow SSH, HTTP and HTTPS",
            "egress": [
              {
                "cidr_blocks": [
                  "0.0.0.0/0"
                ],
                "description": "",
                "from_port": 0,
                "ipv6_cidr_blocks": [],
                "prefix_list_ids": [],
                "protocol": "-1",
                "security_groups": [],
                "self": false,
                "to_port": 0
              }
            ],
            "id": "sg-04efe8636b205aeb8",
            "ingress": [
              {
                "cidr_blocks": [
                  "0.0.0.0/0"
                ],
                "description": "",
                "from_port": 22,
                "ipv6_cidr_blocks": [],
                "prefix_list_ids": [],
                "protocol": "tcp",
                "security_groups": [],
                "self": false,
                "to_port": 22
              },
              {
                "cidr_blocks": [
                  "0.0.0.0/0"
                ],
                "description": "",
                "from_port": 443,
                "ipv6_cidr_blocks": [],
                "prefix_list_ids": [],
                "protocol": "tcp",
                "security_groups": [],
                "self": false,
                "to_port": 443
              },
              {
                "cidr_blocks": [
                  "0.0.0.0/0"
                ],
                "description": "",
                "from_port": 80,
                "ipv6_cidr_blocks": [],
                "prefix_list_ids": [],
                "protocol": "tcp",
                "security_groups": [],
                "self": false,
                "to_port": 80
              }
            ],
            "name": "cloudtasks-sg",
            "name_prefix": "",
            "owner_id": "474668418514",
            "revoke_rules_on_delete": false,
            "tags": null,
            "tags_all": {},
            "timeouts": null,
            "vpc_id": "vpc-0b91af4df49ec751e"
          },
          "sensitive_attributes": [],
          "private": "eyJlMmJmYjczMC1lY2FhLTExZTYtOGY4OC0zNDM2M2JjN2M0YzAiOnsiY3JlYXRlIjo2MDAwMDAwMDAwMDAsImRlbGV0ZSI6OTAwMDAwMDAwMDAwfSwic2NoZW1hX3ZlcnNpb24iOiIxIn0=",
          "dependencies": [
            "data.aws_vpc.cloudtasks"
          ]
        }
      ]
    }
  ],
  "check_results": null
}
